
Microsoft Visual Studio Solution File, Format Version 12.00
# Visual Studio Version 17
VisualStudioVersion = 17.6.33712.159
MinimumVisualStudioVersion = 10.0.40219.1
Project("{FAE04EC0-301F-11D3-BF4B-00C04F79EFBC}") = "WpfBasics", "WpfBasics\WpfBasics.csproj", "{1CBA391F-EC64-48F5-A062-5CD224813A01}"
EndProject
Global
	GlobalSection(SolutionConfigurationPlatforms) = preSolution
		Debug|Any CPU = Debug|Any CPU
		Release|Any CPU = Release|Any CPU
	EndGlobalSection
	GlobalSection(ProjectConfigurationPlatforms) = postSolution
		{1CBA391F-EC64-48F5-A062-5CD224813A01}.Debug|Any CPU.ActiveCfg = Debug|Any CPU
		{1CBA391F-EC64-48F5-A062-5CD224813A01}.Debug|Any CPU.Build.0 = Debug|Any CPU
		{1CBA391F-EC64-48F5-A062-5CD224813A01}.Release|Any CPU.ActiveCfg = Release|Any CPU
		{1CBA391F-EC64-48F5-A062-5CD224813A01}.Release|Any CPU.Build.0 = Release|Any CPU
	EndGlobalSection
	GlobalSection(SolutionProperties) = preSolution
		HideSolutionNode = FALSE
	EndGlobalSection
	GlobalSection(ExtensibilityGlobals) = postSolution
		SolutionGuid = {3507D509-3871-48B5-8310-A609F413112B}
	EndGlobalSection
EndGlobal
